
Microsoft Visual Studio Solution File, Format Version 12.00
# Visual Studio Version 16
VisualStudioVersion = 16.0.28922.388
MinimumVisualStudioVersion = 10.0.40219.1
Project("{888888A0-9F3D-457C-B088-3A5042F75D52}") = "coe_generate", "coe_generate.pyproj", "{7306E31E-96EA-46A7-B6CB-387762281D2E}"
EndProject
Global
	GlobalSection(SolutionConfigurationPlatforms) = preSolution
		Debug|Any CPU = Debug|Any CPU
		Release|Any CPU = Release|Any CPU
	EndGlobalSection
	GlobalSection(ProjectConfigurationPlatforms) = postSolution
		{7306E31E-96EA-46A7-B6CB-387762281D2E}.Debug|Any CPU.ActiveCfg = Debug|Any CPU
		{7306E31E-96EA-46A7-B6CB-387762281D2E}.Release|Any CPU.ActiveCfg = Release|Any CPU
	EndGlobalSection
	GlobalSection(SolutionProperties) = preSolution
		HideSolutionNode = FALSE
	EndGlobalSection
	GlobalSection(ExtensibilityGlobals) = postSolution
		SolutionGuid = {908775FD-B08E-4A62-9727-99C4B8CB71F2}
	EndGlobalSection
EndGlobal
